# @generated by Move, please check-in and do not edit manually.

[move]
version = 3
manifest_digest = "BEEABB9B24DB5523482D5F598BB96A61B749B408381276E4997A9BEB23E94442"
deps_digest = "F8BBB0CCB2491CA29A3DF03D6F92277A4F3574266507ACD77214D37ECA3F3082"
dependencies = [
  { id = "Sui", name = "Sui" },
]

[[move.package]]
id = "MoveStdlib"
source = { git = "https://github.com/MystenLabs/sui.git", rev = "framework/mainnet", subdir = "crates/sui-framework/packages/move-stdlib" }

[[move.package]]
id = "Sui"
source = { git = "https://github.com/MystenLabs/sui.git", rev = "framework/mainnet", subdir = "crates/sui-framework/packages/sui-framework" }

dependencies = [
  { id = "MoveStdlib", name = "MoveStdlib" },
]

[move.toolchain-version]
compiler-version = "1.35.3"
edition = "2024.beta"
flavor = "sui"

[env]

[env.mainnet]
chain-id = "35834a8a"
original-published-id = "0x0831a17664901e5102063c8b40f181bce4d92e0d56b5e20a374560a08d0295ed"
latest-published-id = "0x0831a17664901e5102063c8b40f181bce4d92e0d56b5e20a374560a08d0295ed"
published-version = "1"
